// !$*UTF8*$!
{
	archiveVersion = 1;
	classes = {
	};
	objectVersion = 48;
	objects = {

/* Begin PBXBuildFile section */
		60E2DEAB206760C200FAC64D /* AppDelegate.swift in Sources */ = {isa = PBXBuildFile; fileRef = 60E2DEAA206760C200FAC64D /* AppDelegate.swift */; };
		60E2DEAD206760C200FAC64D /* ViewController.swift in Sources */ = {isa = PBXBuildFile; fileRef = 60E2DEAC206760C200FAC64D /* ViewController.swift */; };
		60E2DEB0206760C200FAC64D /* Main.storyboard in Resources */ = {isa = PBXBuildFile; fileRef = 60E2DEAE206760C200FAC64D /* Main.storyboard */; };
		60E2DEB2206760C200FAC64D /* Assets.xcassets in Resources */ = {isa = PBXBuildFile; fileRef = 60E2DEB1206760C200FAC64D /* Assets.xcassets */; };
		60E2DEB5206760C200FAC64D /* LaunchScreen.storyboard in Resources */ = {isa = PBXBuildFile; fileRef = 60E2DEB3206760C200FAC64D /* LaunchScreen.storyboard */; };
		60E2DEC0206760C200FAC64D /* CalculatorTests.swift in Sources */ = {isa = PBXBuildFile; fileRef = 60E2DEBF206760C200FAC64D /* CalculatorTests.swift */; };
		60E2DECB206760C200FAC64D /* CalculatorUITests.swift in Sources */ = {isa = PBXBuildFile; fileRef = 60E2DECA206760C200FAC64D /* CalculatorUITests.swift */; };
/* End PBXBuildFile section */

/* Begin PBXContainerItemProxy section */
		60E2DEBC206760C200FAC64D /* PBXContainerItemProxy */ = {
			isa = PBXContainerItemProxy;
			containerPortal = 60E2DE9F206760C200FAC64D /* Project object */;
			proxyType = 1;
			remoteGlobalIDString = 60E2DEA6206760C200FAC64D;
			remoteInfo = Calculator;
		};
		60E2DEC7206760C200FAC64D /* PBXContainerItemProxy */ = {
			isa = PBXContainerItemProxy;
			containerPortal = 60E2DE9F206760C200FAC64D /* Project object */;
			proxyType = 1;
			remoteGlobalIDString = 60E2DEA6206760C200FAC64D;
			remoteInfo = Calculator;
		};
/* End PBXContainerItemProxy section */

/* Begin PBXFileReference section */
		60E2DEA7206760C200FAC64D /* Calculator.app */ = {isa = PBXFileReference; explicitFileType = wrapper.application; includeInIndex = 0; path = Calculator.app; sourceTree = BUILT_PRODUCTS_DIR; };
		60E2DEAA206760C200FAC64D /* AppDelegate.swift */ = {isa = PBXFileReference; lastKnownFileType = sourcecode.swift; path = AppDelegate.swift; sourceTree = "<group>"; };
		60E2DEAC206760C200FAC64D /* ViewController.swift */ = {isa = PBXFileReference; lastKnownFileType = sourcecode.swift; path = ViewController.swift; sourceTree = "<group>"; };
		60E2DEAF206760C200FAC64D /* Base */ = {isa = PBXFileReference; lastKnownFileType = file.storyboard; name = Base; path = Base.lproj/Main.storyboard; sourceTree = "<group>"; };
		60E2DEB1206760C200FAC64D /* Assets.xcassets */ = {isa = PBXFileReference; lastKnownFileType = folder.assetcatalog; path = Assets.xcassets; sourceTree = "<group>"; };
		60E2DEB4206760C200FAC64D /* Base */ = {isa = PBXFileReference; lastKnownFileType = file.storyboard; name = Base; path = Base.lproj/LaunchScreen.storyboard; sourceTree = "<group>"; };
		60E2DEB6206760C200FAC64D /* Info.plist */ = {isa = PBXFileReference; lastKnownFileType = text.plist.xml; path = Info.plist; sourceTree = "<group>"; };
		60E2DEBB206760C200FAC64D /* CalculatorTests.xctest */ = {isa = PBXFileReference; explicitFileType = wrapper.cfbundle; includeInIndex = 0; path = CalculatorTests.xctest; sourceTree = BUILT_PRODUCTS_DIR; };
		60E2DEBF206760C200FAC64D /* CalculatorTests.swift */ = {isa = PBXFileReference; lastKnownFileType = sourcecode.swift; path = CalculatorTests.swift; sourceTree = "<group>"; };
		60E2DEC1206760C200FAC64D /* Info.plist */ = {isa = PBXFileReference; lastKnownFileType = text.plist.xml; path = Info.plist; sourceTree = "<group>"; };
		60E2DEC6206760C200FAC64D /* CalculatorUITests.xctest */ = {isa = PBXFileReference; explicitFileType = wrapper.cfbundle; includeInIndex = 0; path = CalculatorUITests.xctest; sourceTree = BUILT_PRODUCTS_DIR; };
		60E2DECA206760C200FAC64D /* CalculatorUITests.swift */ = {isa = PBXFileReference; lastKnownFileType = sourcecode.swift; path = CalculatorUITests.swift; sourceTree = "<group>"; };
		60E2DECC206760C200FAC64D /* Info.plist */ = {isa = PBXFileReference; lastKnownFileType = text.plist.xml; path = Info.plist; sourceTree = "<group>"; };
/* End PBXFileReference section */

/* Begin PBXFrameworksBuildPhase section */
		60E2DEA4206760C200FAC64D /* Frameworks */ = {
			isa = PBXFrameworksBuildPhase;
			buildActionMask = 2147483647;
			files = (
			);
			runOnlyForDeploymentPostprocessing = 0;
		};
		60E2DEB8206760C200FAC64D /* Frameworks */ = {
			isa = PBXFrameworksBuildPhase;
			buildActionMask = 2147483647;
			files = (
			);
			runOnlyForDeploymentPostprocessing = 0;
		};
		60E2DEC3206760C200FAC64D /* Frameworks */ = {
			isa = PBXFrameworksBuildPhase;
			buildActionMask = 2147483647;
			files = (
			);
			runOnlyForDeploymentPostprocessing = 0;
		};
/* End PBXFrameworksBuildPhase section */

/* Begin PBXGroup section */
		60E2DE9E206760C200FAC64D = {
			isa = PBXGroup;
			children = (
				60E2DEA9206760C200FAC64D /* Calculator */,
				60E2DEBE206760C200FAC64D /* CalculatorTests */,
				60E2DEC9206760C200FAC64D /* CalculatorUITests */,
				60E2DEA8206760C200FAC64D /* Products */,
			);
			sourceTree = "<group>";
		};
		60E2DEA8206760C200FAC64D /* Products */ = {
			isa = PBXGroup;
			children = (
				60E2DEA7206760C200FAC64D /* Calculator.app */,
				60E2DEBB206760C200FAC64D /* CalculatorTests.xctest */,
				60E2DEC6206760C200FAC64D /* CalculatorUITests.xctest */,
			);
			name = Products;
			sourceTree = "<group>";
		};
		60E2DEA9206760C200FAC64D /* Calculator */ = {
			isa = PBXGroup;
			children = (
				60E2DEAA206760C200FAC64D /* AppDelegate.swift */,
				60E2DEAC206760C200FAC64D /* ViewController.swift */,
				60E2DEAE206760C200FAC64D /* Main.storyboard */,
				60E2DEB1206760C200FAC64D /* Assets.xcassets */,
				60E2DEB3206760C200FAC64D /* LaunchScreen.storyboard */,
				60E2DEB6206760C200FAC64D /* Info.plist */,
			);
			path = Calculator;
			sourceTree = "<group>";
		};
		60E2DEBE206760C200FAC64D /* CalculatorTests */ = {
			isa = PBXGroup;
			children = (
				60E2DEBF206760C200FAC64D /* CalculatorTests.swift */,
				60E2DEC1206760C200FAC64D /* Info.plist */,
			);
			path = CalculatorTests;
			sourceTree = "<group>";
		};
		60E2DEC9206760C200FAC64D /* CalculatorUITests */ = {
			isa = PBXGroup;
			children = (
				60E2DECA206760C200FAC64D /* CalculatorUITests.swift */,
				60E2DECC206760C200FAC64D /* Info.plist */,
			);
			path = CalculatorUITests;
			sourceTree = "<group>";
		};
/* End PBXGroup section */

/* Begin PBXNativeTarget section */
		60E2DEA6206760C200FAC64D /* Calculator */ = {
			isa = PBXNativeTarget;
			buildConfigurationList = 60E2DECF206760C200FAC64D /* Build configuration list for PBXNativeTarget "Calculator" */;
			buildPhases = (
				60E2DEA3206760C200FAC64D /* Sources */,
				60E2DEA4206760C200FAC64D /* Frameworks */,
				60E2DEA5206760C200FAC64D /* Resources */,
			);
			buildRules = (
			);
			dependencies = (
			);
			name = Calculator;
			productName = Calculator;
			productReference = 60E2DEA7206760C200FAC64D /* Calculator.app */;
			productType = "com.apple.product-type.application";
		};
		60E2DEBA206760C200FAC64D /* CalculatorTests */ = {
			isa = PBXNativeTarget;
			buildConfigurationList = 60E2DED2206760C200FAC64D /* Build configuration list for PBXNativeTarget "CalculatorTests" */;
			buildPhases = (
				60E2DEB7206760C200FAC64D /* Sources */,
				60E2DEB8206760C200FAC64D /* Frameworks */,
				60E2DEB9206760C200FAC64D /* Resources */,
			);
			buildRules = (
			);
			dependencies = (
				60E2DEBD206760C200FAC64D /* PBXTargetDependency */,
			);
			name = CalculatorTests;
			productName = CalculatorTests;
			productReference = 60E2DEBB206760C200FAC64D /* CalculatorTests.xctest */;
			productType = "com.apple.product-type.bundle.unit-test";
		};
		60E2DEC5206760C200FAC64D /* CalculatorUITests */ = {
			isa = PBXNativeTarget;
			buildConfigurationList = 60E2DED5206760C200FAC64D /* Build configuration list for PBXNativeTarget "CalculatorUITests" */;
			buildPhases = (
				60E2DEC2206760C200FAC64D /* Sources */,
				60E2DEC3206760C200FAC64D /* Frameworks */,
				60E2DEC4206760C200FAC64D /* Resources */,
			);
			buildRules = (
			);
			dependencies = (
				60E2DEC8206760C200FAC64D /* PBXTargetDependency */,
			);
			name = CalculatorUITests;
			productName = CalculatorUITests;
			productReference = 60E2DEC6206760C200FAC64D /* CalculatorUITests.xctest */;
			productType = "com.apple.product-type.bundle.ui-testing";
		};
/* End PBXNativeTarget section */

/* Begin PBXProject section */
		60E2DE9F206760C200FAC64D /* Project object */ = {
			isa = PBXProject;
			attributes = {
				LastSwiftUpdateCheck = 0920;
				LastUpgradeCheck = 0920;
				ORGANIZATIONNAME = "中嶋裕也";
				TargetAttributes = {
					60E2DEA6206760C200FAC64D = {
						CreatedOnToolsVersion = 9.2;
						ProvisioningStyle = Automatic;
					};
					60E2DEBA206760C200FAC64D = {
						CreatedOnToolsVersion = 9.2;
						ProvisioningStyle = Automatic;
						TestTargetID = 60E2DEA6206760C200FAC64D;
					};
					60E2DEC5206760C200FAC64D = {
						CreatedOnToolsVersion = 9.2;
						ProvisioningStyle = Automatic;
						TestTargetID = 60E2DEA6206760C200FAC64D;
					};
				};
			};
			buildConfigurationList = 60E2DEA2206760C200FAC64D /* Build configuration list for PBXProject "Calculator" */;
			compatibilityVersion = "Xcode 8.0";
			developmentRegion = en;
			hasScannedForEncodings = 0;
			knownRegions = (
				en,
				Base,
			);
			mainGroup = 60E2DE9E206760C200FAC64D;
			productRefGroup = 60E2DEA8206760C200FAC64D /* Products */;
			projectDirPath = "";
			projectRoot = "";
			targets = (
				60E2DEA6206760C200FAC64D /* Calculator */,
				60E2DEBA206760C200FAC64D /* CalculatorTests */,
				60E2DEC5206760C200FAC64D /* CalculatorUITests */,
			);
		};
/* End PBXProject section */

/* Begin PBXResourcesBuildPhase section */
		60E2DEA5206760C200FAC64D /* Resources */ = {
			isa = PBXResourcesBuildPhase;
			buildActionMask = 2147483647;
			files = (
				60E2DEB5206760C200FAC64D /* LaunchScreen.storyboard in Resources */,
				60E2DEB2206760C200FAC64D /* Assets.xcassets in Resources */,
				60E2DEB0206760C200FAC64D /* Main.storyboard in Resources */,
			);
			runOnlyForDeploymentPostprocessing = 0;
		};
		60E2DEB9206760C200FAC64D /* Resources */ = {
			isa = PBXResourcesBuildPhase;
			buildActionMask = 2147483647;
			files = (
			);
			runOnlyForDeploymentPostprocessing = 0;
		};
		60E2DEC4206760C200FAC64D /* Resources */ = {
			isa = PBXResourcesBuildPhase;
			buildActionMask = 2147483647;
			files = (
			);
			runOnlyForDeploymentPostprocessing = 0;
		};
/* End PBXResourcesBuildPhase section */

/* Begin PBXSourcesBuildPhase section */
		60E2DEA3206760C200FAC64D /* Sources */ = {
			isa = PBXSourcesBuildPhase;
			buildActionMask = 2147483647;
			files = (
				60E2DEAD206760C200FAC64D /* ViewController.swift in Sources */,
				60E2DEAB206760C200FAC64D /* AppDelegate.swift in Sources */,
			);
			runOnlyForDeploymentPostprocessing = 0;
		};
		60E2DEB7206760C200FAC64D /* Sources */ = {
			isa = PBXSourcesBuildPhase;
			buildActionMask = 2147483647;
			files = (
				60E2DEC0206760C200FAC64D /* CalculatorTests.swift in Sources */,
			);
			runOnlyForDeploymentPostprocessing = 0;
		};
		60E2DEC2206760C200FAC64D /* Sources */ = {
			isa = PBXSourcesBuildPhase;
			buildActionMask = 2147483647;
			files = (
				60E2DECB206760C200FAC64D /* CalculatorUITests.swift in Sources */,
			);
			runOnlyForDeploymentPostprocessing = 0;
		};
/* End PBXSourcesBuildPhase section */

/* Begin PBXTargetDependency section */
		60E2DEBD206760C200FAC64D /* PBXTargetDependency */ = {
			isa = PBXTargetDependency;
			target = 60E2DEA6206760C200FAC64D /* Calculator */;
			targetProxy = 60E2DEBC206760C200FAC64D /* PBXContainerItemProxy */;
		};
		60E2DEC8206760C200FAC64D /* PBXTargetDependency */ = {
			isa = PBXTargetDependency;
			target = 60E2DEA6206760C200FAC64D /* Calculator */;
			targetProxy = 60E2DEC7206760C200FAC64D /* PBXContainerItemProxy */;
		};
/* End PBXTargetDependency section */

/* Begin PBXVariantGroup section */
		60E2DEAE206760C200FAC64D /* Main.storyboard */ = {
			isa = PBXVariantGroup;
			children = (
				60E2DEAF206760C200FAC64D /* Base */,
			);
			name = Main.storyboard;
			sourceTree = "<group>";
		};
		60E2DEB3206760C200FAC64D /* LaunchScreen.storyboard */ = {
			isa = PBXVariantGroup;
			children = (
				60E2DEB4206760C200FAC64D /* Base */,
			);
			name = LaunchScreen.storyboard;
			sourceTree = "<group>";
		};
/* End PBXVariantGroup section */

/* Begin XCBuildConfiguration section */
		60E2DECD206760C200FAC64D /* Debug */ = {
			isa = XCBuildConfiguration;
			buildSettings = {
				ALWAYS_SEARCH_USER_PATHS = NO;
				CLANG_ANALYZER_NONNULL = YES;
				CLANG_ANALYZER_NUMBER_OBJECT_CONVERSION = YES_AGGRESSIVE;
				CLANG_CXX_LANGUAGE_STANDARD = "gnu++14";
				CLANG_CXX_LIBRARY = "libc++";
				CLANG_ENABLE_MODULES = YES;
				CLANG_ENABLE_OBJC_ARC = YES;
				CLANG_WARN_BLOCK_CAPTURE_AUTORELEASING = YES;
				CLANG_WARN_BOOL_CONVERSION = YES;
				CLANG_WARN_COMMA = YES;
				CLANG_WARN_CONSTANT_CONVERSION = YES;
				CLANG_WARN_DIRECT_OBJC_ISA_USAGE = YES_ERROR;
				CLANG_WARN_DOCUMENTATION_COMMENTS = YES;
				CLANG_WARN_EMPTY_BODY = YES;
				CLANG_WARN_ENUM_CONVERSION = YES;
				CLANG_WARN_INFINITE_RECURSION = YES;
				CLANG_WARN_INT_CONVERSION = YES;
				CLANG_WARN_NON_LITERAL_NULL_CONVERSION = YES;
				CLANG_WARN_OBJC_LITERAL_CONVERSION = YES;
				CLANG_WARN_OBJC_ROOT_CLASS = YES_ERROR;
				CLANG_WARN_RANGE_LOOP_ANALYSIS = YES;
				CLANG_WARN_STRICT_PROTOTYPES = YES;
				CLANG_WARN_SUSPICIOUS_MOVE = YES;
				CLANG_WARN_UNGUARDED_AVAILABILITY = YES_AGGRESSIVE;
				CLANG_WARN_UNREACHABLE_CODE = YES;
				CLANG_WARN__DUPLICATE_METHOD_MATCH = YES;
				CODE_SIGN_IDENTITY = "iPhone Developer";
				COPY_PHASE_STRIP = NO;
				DEBUG_INFORMATION_FORMAT = dwarf;
				ENABLE_STRICT_OBJC_MSGSEND = YES;
				ENABLE_TESTABILITY = YES;
				GCC_C_LANGUAGE_STANDARD = gnu11;
				GCC_DYNAMIC_NO_PIC = NO;
				GCC_NO_COMMON_BLOCKS = YES;
				GCC_OPTIMIZATION_LEVEL = 0;
				GCC_PREPROCESSOR_DEFINITIONS = (
					"DEBUG=1",
					"$(inherited)",
				);
				GCC_WARN_64_TO_32_BIT_CONVERSION = YES;
				GCC_WARN_ABOUT_RETURN_TYPE = YES_ERROR;
				GCC_WARN_UNDECLARED_SELECTOR = YES;
				GCC_WARN_UNINITIALIZED_AUTOS = YES_AGGRESSIVE;
				GCC_WARN_UNUSED_FUNCTION = YES;
				GCC_WARN_UNUSED_VARIABLE = YES;
				IPHONEOS_DEPLOYMENT_TARGET = 11.2;
				MTL_ENABLE_DEBUG_INFO = YES;
				ONLY_ACTIVE_ARCH = YES;
				SDKROOT = iphoneos;
				SWIFT_ACTIVE_COMPILATION_CONDITIONS = DEBUG;
				SWIFT_OPTIMIZATION_LEVEL = "-Onone";
			};
			name = Debug;
		};
		60E2DECE206760C200FAC64D /* Release */ = {
			isa = XCBuildConfiguration;
			buildSettings = {
				ALWAYS_SEARCH_USER_PATHS = NO;
				CLANG_ANALYZER_NONNULL = YES;
				CLANG_ANALYZER_NUMBER_OBJECT_CONVERSION = YES_AGGRESSIVE;
				CLANG_CXX_LANGUAGE_STANDARD = "gnu++14";
				CLANG_CXX_LIBRARY = "libc++";
				CLANG_ENABLE_MODULES = YES;
				CLANG_ENABLE_OBJC_ARC = YES;
				CLANG_WARN_BLOCK_CAPTURE_AUTORELEASING = YES;
				CLANG_WARN_BOOL_CONVERSION = YES;
				CLANG_WARN_COMMA = YES;
				CLANG_WARN_CONSTANT_CONVERSION = YES;
				CLANG_WARN_DIRECT_OBJC_ISA_USAGE = YES_ERROR;
				CLANG_WARN_DOCUMENTATION_COMMENTS = YES;
				CLANG_WARN_EMPTY_BODY = YES;
				CLANG_WARN_ENUM_CONVERSION = YES;
				CLANG_WARN_INFINITE_RECURSION = YES;
				CLANG_WARN_INT_CONVERSION = YES;
				CLANG_WARN_NON_LITERAL_NULL_CONVERSION = YES;
				CLANG_WARN_OBJC_LITERAL_CONVERSION = YES;
				CLANG_WARN_OBJC_ROOT_CLASS = YES_ERROR;
				CLANG_WARN_RANGE_LOOP_ANALYSIS = YES;
				CLANG_WARN_STRICT_PROTOTYPES = YES;
				CLANG_WARN_SUSPICIOUS_MOVE = YES;
				CLANG_WARN_UNGUARDED_AVAILABILITY = YES_AGGRESSIVE;
				CLANG_WARN_UNREACHABLE_CODE = YES;
				CLANG_WARN__DUPLICATE_METHOD_MATCH = YES;
				CODE_SIGN_IDENTITY = "iPhone Developer";
				COPY_PHASE_STRIP = NO;
				DEBUG_INFORMATION_FORMAT = "dwarf-with-dsym";
				ENABLE_NS_ASSERTIONS = NO;
				ENABLE_STRICT_OBJC_MSGSEND = YES;
				GCC_C_LANGUAGE_STANDARD = gnu11;
				GCC_NO_COMMON_BLOCKS = YES;
				GCC_WARN_64_TO_32_BIT_CONVERSION = YES;
				GCC_WARN_ABOUT_RETURN_TYPE = YES_ERROR;
				GCC_WARN_UNDECLARED_SELECTOR = YES;
				GCC_WARN_UNINITIALIZED_AUTOS = YES_AGGRESSIVE;
				GCC_WARN_UNUSED_FUNCTION = YES;
				GCC_WARN_UNUSED_VARIABLE = YES;
				IPHONEOS_DEPLOYMENT_TARGET = 11.2;
				MTL_ENABLE_DEBUG_INFO = NO;
				SDKROOT = iphoneos;
				SWIFT_OPTIMIZATION_LEVEL = "-Owholemodule";
				VALIDATE_PRODUCT = YES;
			};
			name = Release;
		};
		60E2DED0206760C200FAC64D /* Debug */ = {
			isa = XCBuildConfiguration;
			buildSettings = {
				ASSETCATALOG_COMPILER_APPICON_NAME = AppIcon;
				CODE_SIGN_STYLE = Automatic;
				INFOPLIST_FILE = Calculator/Info.plist;
				LD_RUNPATH_SEARCH_PATHS = "$(inherited) @executable_path/Frameworks";
				PRODUCT_BUNDLE_IDENTIFIER = prepre.Calculator;
				PRODUCT_NAME = "$(TARGET_NAME)";
				SWIFT_VERSION = 4.0;
				TARGETED_DEVICE_FAMILY = "1,2";
			};
			name = Debug;
		};
		60E2DED1206760C200FAC64D /* Release */ = {
			isa = XCBuildConfiguration;
			buildSettings = {
				ASSETCATALOG_COMPILER_APPICON_NAME = AppIcon;
				CODE_SIGN_STYLE = Automatic;
				INFOPLIST_FILE = Calculator/Info.plist;
				LD_RUNPATH_SEARCH_PATHS = "$(inherited) @executable_path/Frameworks";
				PRODUCT_BUNDLE_IDENTIFIER = prepre.Calculator;
				PRODUCT_NAME = "$(TARGET_NAME)";
				SWIFT_VERSION = 4.0;
				TARGETED_DEVICE_FAMILY = "1,2";
			};
			name = Release;
		};
		60E2DED3206760C200FAC64D /* Debug */ = {
			isa = XCBuildConfiguration;
			buildSettings = {
				ALWAYS_EMBED_SWIFT_STANDARD_LIBRARIES = YES;
				BUNDLE_LOADER = "$(TEST_HOST)";
				CODE_SIGN_STYLE = Automatic;
				INFOPLIST_FILE = CalculatorTests/Info.plist;
				LD_RUNPATH_SEARCH_PATHS = "$(inherited) @executable_path/Frameworks @loader_path/Frameworks";
				PRODUCT_BUNDLE_IDENTIFIER = prepre.CalculatorTests;
				PRODUCT_NAME = "$(TARGET_NAME)";
				SWIFT_VERSION = 4.0;
				TARGETED_DEVICE_FAMILY = "1,2";
				TEST_HOST = "$(BUILT_PRODUCTS_DIR)/Calculator.app/Calculator";
			};
			name = Debug;
		};
		60E2DED4206760C200FAC64D /* Release */ = {
			isa = XCBuildConfiguration;
			buildSettings = {
				ALWAYS_EMBED_SWIFT_STANDARD_LIBRARIES = YES;
				BUNDLE_LOADER = "$(TEST_HOST)";
				CODE_SIGN_STYLE = Automatic;
				INFOPLIST_FILE = CalculatorTests/Info.plist;
				LD_RUNPATH_SEARCH_PATHS = "$(inherited) @executable_path/Frameworks @loader_path/Frameworks";
				PRODUCT_BUNDLE_IDENTIFIER = prepre.CalculatorTests;
				PRODUCT_NAME = "$(TARGET_NAME)";
				SWIFT_VERSION = 4.0;
				TARGETED_DEVICE_FAMILY = "1,2";
				TEST_HOST = "$(BUILT_PRODUCTS_DIR)/Calculator.app/Calculator";
			};
			name = Release;
		};
		60E2DED6206760C200FAC64D /* Debug */ = {
			isa = XCBuildConfiguration;
			buildSettings = {
				ALWAYS_EMBED_SWIFT_STANDARD_LIBRARIES = YES;
				CODE_SIGN_STYLE = Automatic;
				INFOPLIST_FILE = CalculatorUITests/Info.plist;
				LD_RUNPATH_SEARCH_PATHS = "$(inherited) @executable_path/Frameworks @loader_path/Frameworks";
				PRODUCT_BUNDLE_IDENTIFIER = prepre.CalculatorUITests;
				PRODUCT_NAME = "$(TARGET_NAME)";
				SWIFT_VERSION = 4.0;
				TARGETED_DEVICE_FAMILY = "1,2";
				TEST_TARGET_NAME = Calculator;
			};
			name = Debug;
		};
		60E2DED7206760C200FAC64D /* Release */ = {
			isa = XCBuildConfiguration;
			buildSettings = {
				ALWAYS_EMBED_SWIFT_STANDARD_LIBRARIES = YES;
				CODE_SIGN_STYLE = Automatic;
				INFOPLIST_FILE = CalculatorUITests/Info.plist;
				LD_RUNPATH_SEARCH_PATHS = "$(inherited) @executable_path/Frameworks @loader_path/Frameworks";
				PRODUCT_BUNDLE_IDENTIFIER = prepre.CalculatorUITests;
				PRODUCT_NAME = "$(TARGET_NAME)";
				SWIFT_VERSION = 4.0;
				TARGETED_DEVICE_FAMILY = "1,2";
				TEST_TARGET_NAME = Calculator;
			};
			name = Release;
		};
/* End XCBuildConfiguration section */

/* Begin XCConfigurationList section */
		60E2DEA2206760C200FAC64D /* Build configuration list for PBXProject "Calculator" */ = {
			isa = XCConfigurationList;
			buildConfigurations = (
				60E2DECD206760C200FAC64D /* Debug */,
				60E2DECE206760C200FAC64D /* Release */,
			);
			defaultConfigurationIsVisible = 0;
			defaultConfigurationName = Release;
		};
		60E2DECF206760C200FAC64D /* Build configuration list for PBXNativeTarget "Calculator" */ = {
			isa = XCConfigurationList;
			buildConfigurations = (
				60E2DED0206760C200FAC64D /* Debug */,
				60E2DED1206760C200FAC64D /* Release */,
			);
			defaultConfigurationIsVisible = 0;
			defaultConfigurationName = Release;
		};
		60E2DED2206760C200FAC64D /* Build configuration list for PBXNativeTarget "CalculatorTests" */ = {
			isa = XCConfigurationList;
			buildConfigurations = (
				60E2DED3206760C200FAC64D /* Debug */,
				60E2DED4206760C200FAC64D /* Release */,
			);
			defaultConfigurationIsVisible = 0;
			defaultConfigurationName = Release;
		};
		60E2DED5206760C200FAC64D /* Build configuration list for PBXNativeTarget "CalculatorUITests" */ = {
			isa = XCConfigurationList;
			buildConfigurations = (
				60E2DED6206760C200FAC64D /* Debug */,
				60E2DED7206760C200FAC64D /* Release */,
			);
			defaultConfigurationIsVisible = 0;
			defaultConfigurationName = Release;
		};
/* End XCConfigurationList section */
	};
	rootObject = 60E2DE9F206760C200FAC64D /* Project object */;
}
